// !$*UTF8*$!
{
	archiveVersion = 1;
	classes = {
	};
	objectVersion = 46;
	objects = {

/* Begin PBXBuildFile section */
		E810A6E71F64045E00E42EE7 /* BTree.swift in Sources */ = {isa = PBXBuildFile; fileRef = E810A6E61F64045E00E42EE7 /* BTree.swift */; };
		E82599211E8D3BFF0073A90A /* AppDelegate.swift in Sources */ = {isa = PBXBuildFile; fileRef = E82599201E8D3BFF0073A90A /* AppDelegate.swift */; };
		E82599231E8D3BFF0073A90A /* ViewController.swift in Sources */ = {isa = PBXBuildFile; fileRef = E82599221E8D3BFF0073A90A /* ViewController.swift */; };
		E82599261E8D3BFF0073A90A /* Main.storyboard in Resources */ = {isa = PBXBuildFile; fileRef = E82599241E8D3BFF0073A90A /* Main.storyboard */; };
		E82599281E8D3BFF0073A90A /* Assets.xcassets in Resources */ = {isa = PBXBuildFile; fileRef = E82599271E8D3BFF0073A90A /* Assets.xcassets */; };
		E825992B1E8D3BFF0073A90A /* LaunchScreen.storyboard in Resources */ = {isa = PBXBuildFile; fileRef = E82599291E8D3BFF0073A90A /* LaunchScreen.storyboard */; };
		E82599391E8D3C9C0073A90A /* MyHeap.swift in Sources */ = {isa = PBXBuildFile; fileRef = E82599341E8D3C9C0073A90A /* MyHeap.swift */; };
		E825993A1E8D3C9C0073A90A /* QuickSort.swift in Sources */ = {isa = PBXBuildFile; fileRef = E82599351E8D3C9C0073A90A /* QuickSort.swift */; };
		E825993B1E8D3C9C0073A90A /* Test.swift in Sources */ = {isa = PBXBuildFile; fileRef = E82599361E8D3C9C0073A90A /* Test.swift */; };
		E825993C1E8D3C9C0073A90A /* Tool.swift in Sources */ = {isa = PBXBuildFile; fileRef = E82599371E8D3C9C0073A90A /* Tool.swift */; };
		E825993E1E8D48240073A90A /* Array+Extension.swift in Sources */ = {isa = PBXBuildFile; fileRef = E825993D1E8D48240073A90A /* Array+Extension.swift */; };
		E82599401E8D5A650073A90A /* RBTree.swift in Sources */ = {isa = PBXBuildFile; fileRef = E825993F1E8D5A650073A90A /* RBTree.swift */; };
		E83A7AA81E9BD7A000E42C7B /* UIColor+Extension.swift in Sources */ = {isa = PBXBuildFile; fileRef = E83A7AA61E9BD7A000E42C7B /* UIColor+Extension.swift */; };
		E83A7AA91E9BD7A000E42C7B /* UIImage+Extension.swift in Sources */ = {isa = PBXBuildFile; fileRef = E83A7AA71E9BD7A000E42C7B /* UIImage+Extension.swift */; };
		E8490D2C1E8FADB0002A23D4 /* Algorithm.txt in Resources */ = {isa = PBXBuildFile; fileRef = E8490D2B1E8FADB0002A23D4 /* Algorithm.txt */; };
		E85A79BB1F6928D10005D878 /* AlgorithmExerciseTests.swift in Sources */ = {isa = PBXBuildFile; fileRef = E85A79BA1F6928D10005D878 /* AlgorithmExerciseTests.swift */; };
		E8D602901E9AB35400DAD9DA /* Extension.swift in Sources */ = {isa = PBXBuildFile; fileRef = E8D6028F1E9AB35400DAD9DA /* Extension.swift */; };
		E8E20D371E8DD49500C50230 /* RBViewController.swift in Sources */ = {isa = PBXBuildFile; fileRef = E8E20D361E8DD49500C50230 /* RBViewController.swift */; };
		E8E20D391E8DDD3C00C50230 /* FIFOQueue.swift in Sources */ = {isa = PBXBuildFile; fileRef = E8E20D381E8DDD3C00C50230 /* FIFOQueue.swift */; };
		E8E20D3B1E8EA53D00C50230 /* CGPoint+Extensions.swift in Sources */ = {isa = PBXBuildFile; fileRef = E8E20D3A1E8EA53D00C50230 /* CGPoint+Extensions.swift */; };
/* End PBXBuildFile section */

/* Begin PBXContainerItemProxy section */
		E85A79BD1F6928D10005D878 /* PBXContainerItemProxy */ = {
			isa = PBXContainerItemProxy;
			containerPortal = E82599151E8D3BFF0073A90A /* Project object */;
			proxyType = 1;
			remoteGlobalIDString = E825991C1E8D3BFF0073A90A;
			remoteInfo = AlgorithmExercise;
		};
/* End PBXContainerItemProxy section */

/* Begin PBXFileReference section */
		E810A6E61F64045E00E42EE7 /* BTree.swift */ = {isa = PBXFileReference; fileEncoding = 4; lastKnownFileType = sourcecode.swift; path = BTree.swift; sourceTree = "<group>"; };
		E825991D1E8D3BFF0073A90A /* AlgorithmExercise.app */ = {isa = PBXFileReference; explicitFileType = wrapper.application; includeInIndex = 0; path = AlgorithmExercise.app; sourceTree = BUILT_PRODUCTS_DIR; };
		E82599201E8D3BFF0073A90A /* AppDelegate.swift */ = {isa = PBXFileReference; lastKnownFileType = sourcecode.swift; path = AppDelegate.swift; sourceTree = "<group>"; };
		E82599221E8D3BFF0073A90A /* ViewController.swift */ = {isa = PBXFileReference; lastKnownFileType = sourcecode.swift; path = ViewController.swift; sourceTree = "<group>"; };
		E82599251E8D3BFF0073A90A /* Base */ = {isa = PBXFileReference; lastKnownFileType = file.storyboard; name = Base; path = Base.lproj/Main.storyboard; sourceTree = "<group>"; };
		E82599271E8D3BFF0073A90A /* Assets.xcassets */ = {isa = PBXFileReference; lastKnownFileType = folder.assetcatalog; path = Assets.xcassets; sourceTree = "<group>"; };
		E825992A1E8D3BFF0073A90A /* Base */ = {isa = PBXFileReference; lastKnownFileType = file.storyboard; name = Base; path = Base.lproj/LaunchScreen.storyboard; sourceTree = "<group>"; };
		E825992C1E8D3BFF0073A90A /* Info.plist */ = {isa = PBXFileReference; lastKnownFileType = text.plist.xml; path = Info.plist; sourceTree = "<group>"; };
		E82599341E8D3C9C0073A90A /* MyHeap.swift */ = {isa = PBXFileReference; fileEncoding = 4; lastKnownFileType = sourcecode.swift; path = MyHeap.swift; sourceTree = "<group>"; };
		E82599351E8D3C9C0073A90A /* QuickSort.swift */ = {isa = PBXFileReference; fileEncoding = 4; lastKnownFileType = sourcecode.swift; path = QuickSort.swift; sourceTree = "<group>"; };
		E82599361E8D3C9C0073A90A /* Test.swift */ = {isa = PBXFileReference; fileEncoding = 4; lastKnownFileType = sourcecode.swift; path = Test.swift; sourceTree = "<group>"; };
		E82599371E8D3C9C0073A90A /* Tool.swift */ = {isa = PBXFileReference; fileEncoding = 4; lastKnownFileType = sourcecode.swift; path = Tool.swift; sourceTree = "<group>"; };
		E825993D1E8D48240073A90A /* Array+Extension.swift */ = {isa = PBXFileReference; fileEncoding = 4; lastKnownFileType = sourcecode.swift; path = "Array+Extension.swift"; sourceTree = "<group>"; };
		E825993F1E8D5A650073A90A /* RBTree.swift */ = {isa = PBXFileReference; fileEncoding = 4; lastKnownFileType = sourcecode.swift; path = RBTree.swift; sourceTree = "<group>"; };
		E83A7AA61E9BD7A000E42C7B /* UIColor+Extension.swift */ = {isa = PBXFileReference; fileEncoding = 4; lastKnownFileType = sourcecode.swift; path = "UIColor+Extension.swift"; sourceTree = "<group>"; };
		E83A7AA71E9BD7A000E42C7B /* UIImage+Extension.swift */ = {isa = PBXFileReference; fileEncoding = 4; lastKnownFileType = sourcecode.swift; path = "UIImage+Extension.swift"; sourceTree = "<group>"; };
		E8490D2B1E8FADB0002A23D4 /* Algorithm.txt */ = {isa = PBXFileReference; fileEncoding = 4; lastKnownFileType = text; path = Algorithm.txt; sourceTree = "<group>"; };
		E85A79B81F6928D10005D878 /* AlgorithmExerciseTests.xctest */ = {isa = PBXFileReference; explicitFileType = wrapper.cfbundle; includeInIndex = 0; path = AlgorithmExerciseTests.xctest; sourceTree = BUILT_PRODUCTS_DIR; };
		E85A79BA1F6928D10005D878 /* AlgorithmExerciseTests.swift */ = {isa = PBXFileReference; lastKnownFileType = sourcecode.swift; path = AlgorithmExerciseTests.swift; sourceTree = "<group>"; };
		E85A79BC1F6928D10005D878 /* Info.plist */ = {isa = PBXFileReference; lastKnownFileType = text.plist.xml; path = Info.plist; sourceTree = "<group>"; };
		E8D6028F1E9AB35400DAD9DA /* Extension.swift */ = {isa = PBXFileReference; fileEncoding = 4; lastKnownFileType = sourcecode.swift; path = Extension.swift; sourceTree = "<group>"; };
		E8E20D361E8DD49500C50230 /* RBViewController.swift */ = {isa = PBXFileReference; fileEncoding = 4; lastKnownFileType = sourcecode.swift; path = RBViewController.swift; sourceTree = "<group>"; };
		E8E20D381E8DDD3C00C50230 /* FIFOQueue.swift */ = {isa = PBXFileReference; fileEncoding = 4; lastKnownFileType = sourcecode.swift; path = FIFOQueue.swift; sourceTree = "<group>"; };
		E8E20D3A1E8EA53D00C50230 /* CGPoint+Extensions.swift */ = {isa = PBXFileReference; fileEncoding = 4; lastKnownFileType = sourcecode.swift; path = "CGPoint+Extensions.swift"; sourceTree = "<group>"; };
/* End PBXFileReference section */

/* Begin PBXFrameworksBuildPhase section */
		E825991A1E8D3BFF0073A90A /* Frameworks */ = {
			isa = PBXFrameworksBuildPhase;
			buildActionMask = 2147483647;
			files = (
			);
			runOnlyForDeploymentPostprocessing = 0;
		};
		E85A79B51F6928D10005D878 /* Frameworks */ = {
			isa = PBXFrameworksBuildPhase;
			buildActionMask = 2147483647;
			files = (
			);
			runOnlyForDeploymentPostprocessing = 0;
		};
/* End PBXFrameworksBuildPhase section */

/* Begin PBXGroup section */
		E82599141E8D3BFF0073A90A = {
			isa = PBXGroup;
			children = (
				E825991F1E8D3BFF0073A90A /* AlgorithmExercise */,
				E85A79B91F6928D10005D878 /* AlgorithmExerciseTests */,
				E825991E1E8D3BFF0073A90A /* Products */,
			);
			sourceTree = "<group>";
		};
		E825991E1E8D3BFF0073A90A /* Products */ = {
			isa = PBXGroup;
			children = (
				E825991D1E8D3BFF0073A90A /* AlgorithmExercise.app */,
				E85A79B81F6928D10005D878 /* AlgorithmExerciseTests.xctest */,
			);
			name = Products;
			sourceTree = "<group>";
		};
		E825991F1E8D3BFF0073A90A /* AlgorithmExercise */ = {
			isa = PBXGroup;
			children = (
				E8D6028E1E99DD3700DAD9DA /* Extension */,
				E8E20D351E8DD46300C50230 /* Controller */,
				E82599321E8D3C3E0073A90A /* Data Structure */,
				E82599201E8D3BFF0073A90A /* AppDelegate.swift */,
				E82599221E8D3BFF0073A90A /* ViewController.swift */,
				E82599241E8D3BFF0073A90A /* Main.storyboard */,
				E82599271E8D3BFF0073A90A /* Assets.xcassets */,
				E82599291E8D3BFF0073A90A /* LaunchScreen.storyboard */,
				E825992C1E8D3BFF0073A90A /* Info.plist */,
			);
			path = AlgorithmExercise;
			sourceTree = "<group>";
		};
		E82599321E8D3C3E0073A90A /* Data Structure */ = {
			isa = PBXGroup;
			children = (
				E82599341E8D3C9C0073A90A /* MyHeap.swift */,
				E82599351E8D3C9C0073A90A /* QuickSort.swift */,
				E82599361E8D3C9C0073A90A /* Test.swift */,
				E82599371E8D3C9C0073A90A /* Tool.swift */,
				E825993D1E8D48240073A90A /* Array+Extension.swift */,
				E825993F1E8D5A650073A90A /* RBTree.swift */,
				E8E20D381E8DDD3C00C50230 /* FIFOQueue.swift */,
				E8490D2B1E8FADB0002A23D4 /* Algorithm.txt */,
				E810A6E61F64045E00E42EE7 /* BTree.swift */,
			);
			name = "Data Structure";
			sourceTree = "<group>";
		};
		E85A79B91F6928D10005D878 /* AlgorithmExerciseTests */ = {
			isa = PBXGroup;
			children = (
				E85A79BA1F6928D10005D878 /* AlgorithmExerciseTests.swift */,
				E85A79BC1F6928D10005D878 /* Info.plist */,
			);
			path = AlgorithmExerciseTests;
			sourceTree = "<group>";
		};
		E8D6028E1E99DD3700DAD9DA /* Extension */ = {
			isa = PBXGroup;
			children = (
				E8E20D3A1E8EA53D00C50230 /* CGPoint+Extensions.swift */,
				E8D6028F1E9AB35400DAD9DA /* Extension.swift */,
				E83A7AA61E9BD7A000E42C7B /* UIColor+Extension.swift */,
				E83A7AA71E9BD7A000E42C7B /* UIImage+Extension.swift */,
			);
			name = Extension;
			sourceTree = "<group>";
		};
		E8E20D351E8DD46300C50230 /* Controller */ = {
			isa = PBXGroup;
			children = (
				E8E20D361E8DD49500C50230 /* RBViewController.swift */,
			);
			name = Controller;
			sourceTree = "<group>";
		};
/* End PBXGroup section */

/* Begin PBXNativeTarget section */
		E825991C1E8D3BFF0073A90A /* AlgorithmExercise */ = {
			isa = PBXNativeTarget;
			buildConfigurationList = E825992F1E8D3BFF0073A90A /* Build configuration list for PBXNativeTarget "AlgorithmExercise" */;
			buildPhases = (
				E82599191E8D3BFF0073A90A /* Sources */,
				E825991A1E8D3BFF0073A90A /* Frameworks */,
				E825991B1E8D3BFF0073A90A /* Resources */,
			);
			buildRules = (
			);
			dependencies = (
			);
			name = AlgorithmExercise;
			productName = AlgorithmExercise;
			productReference = E825991D1E8D3BFF0073A90A /* AlgorithmExercise.app */;
			productType = "com.apple.product-type.application";
		};
		E85A79B71F6928D10005D878 /* AlgorithmExerciseTests */ = {
			isa = PBXNativeTarget;
			buildConfigurationList = E85A79C11F6928D10005D878 /* Build configuration list for PBXNativeTarget "AlgorithmExerciseTests" */;
			buildPhases = (
				E85A79B41F6928D10005D878 /* Sources */,
				E85A79B51F6928D10005D878 /* Frameworks */,
				E85A79B61F6928D10005D878 /* Resources */,
			);
			buildRules = (
			);
			dependencies = (
				E85A79BE1F6928D10005D878 /* PBXTargetDependency */,
			);
			name = AlgorithmExerciseTests;
			productName = AlgorithmExerciseTests;
			productReference = E85A79B81F6928D10005D878 /* AlgorithmExerciseTests.xctest */;
			productType = "com.apple.product-type.bundle.unit-test";
		};
/* End PBXNativeTarget section */

/* Begin PBXProject section */
		E82599151E8D3BFF0073A90A /* Project object */ = {
			isa = PBXProject;
			attributes = {
				LastSwiftUpdateCheck = 0820;
				LastUpgradeCheck = 0820;
				ORGANIZATIONNAME = "Song Bo";
				TargetAttributes = {
					E825991C1E8D3BFF0073A90A = {
						CreatedOnToolsVersion = 8.2.1;
						DevelopmentTeam = L2XU33FY6N;
						ProvisioningStyle = Automatic;
					};
					E85A79B71F6928D10005D878 = {
						CreatedOnToolsVersion = 8.2.1;
						DevelopmentTeam = L2XU33FY6N;
						ProvisioningStyle = Automatic;
						TestTargetID = E825991C1E8D3BFF0073A90A;
					};
				};
			};
			buildConfigurationList = E82599181E8D3BFF0073A90A /* Build configuration list for PBXProject "AlgorithmExercise" */;
			compatibilityVersion = "Xcode 3.2";
			developmentRegion = English;
			hasScannedForEncodings = 0;
			knownRegions = (
				en,
				Base,
			);
			mainGroup = E82599141E8D3BFF0073A90A;
			productRefGroup = E825991E1E8D3BFF0073A90A /* Products */;
			projectDirPath = "";
			projectRoot = "";
			targets = (
				E825991C1E8D3BFF0073A90A /* AlgorithmExercise */,
				E85A79B71F6928D10005D878 /* AlgorithmExerciseTests */,
			);
		};
/* End PBXProject section */

/* Begin PBXResourcesBuildPhase section */
		E825991B1E8D3BFF0073A90A /* Resources */ = {
			isa = PBXResourcesBuildPhase;
			buildActionMask = 2147483647;
			files = (
				E825992B1E8D3BFF0073A90A /* LaunchScreen.storyboard in Resources */,
				E82599281E8D3BFF0073A90A /* Assets.xcassets in Resources */,
				E8490D2C1E8FADB0002A23D4 /* Algorithm.txt in Resources */,
				E82599261E8D3BFF0073A90A /* Main.storyboard in Resources */,
			);
			runOnlyForDeploymentPostprocessing = 0;
		};
		E85A79B61F6928D10005D878 /* Resources */ = {
			isa = PBXResourcesBuildPhase;
			buildActionMask = 2147483647;
			files = (
			);
			runOnlyForDeploymentPostprocessing = 0;
		};
/* End PBXResourcesBuildPhase section */

/* Begin PBXSourcesBuildPhase section */
		E82599191E8D3BFF0073A90A /* Sources */ = {
			isa = PBXSourcesBuildPhase;
			buildActionMask = 2147483647;
			files = (
				E83A7AA91E9BD7A000E42C7B /* UIImage+Extension.swift in Sources */,
				E82599231E8D3BFF0073A90A /* ViewController.swift in Sources */,
				E810A6E71F64045E00E42EE7 /* BTree.swift in Sources */,
				E825993A1E8D3C9C0073A90A /* QuickSort.swift in Sources */,
				E82599211E8D3BFF0073A90A /* AppDelegate.swift in Sources */,
				E8D602901E9AB35400DAD9DA /* Extension.swift in Sources */,
				E82599401E8D5A650073A90A /* RBTree.swift in Sources */,
				E825993C1E8D3C9C0073A90A /* Tool.swift in Sources */,
				E8E20D391E8DDD3C00C50230 /* FIFOQueue.swift in Sources */,
				E825993E1E8D48240073A90A /* Array+Extension.swift in Sources */,
				E8E20D3B1E8EA53D00C50230 /* CGPoint+Extensions.swift in Sources */,
				E82599391E8D3C9C0073A90A /* MyHeap.swift in Sources */,
				E825993B1E8D3C9C0073A90A /* Test.swift in Sources */,
				E8E20D371E8DD49500C50230 /* RBViewController.swift in Sources */,
				E83A7AA81E9BD7A000E42C7B /* UIColor+Extension.swift in Sources */,
			);
			runOnlyForDeploymentPostprocessing = 0;
		};
		E85A79B41F6928D10005D878 /* Sources */ = {
			isa = PBXSourcesBuildPhase;
			buildActionMask = 2147483647;
			files = (
				E85A79BB1F6928D10005D878 /* AlgorithmExerciseTests.swift in Sources */,
			);
			runOnlyForDeploymentPostprocessing = 0;
		};
/* End PBXSourcesBuildPhase section */

/* Begin PBXTargetDependency section */
		E85A79BE1F6928D10005D878 /* PBXTargetDependency */ = {
			isa = PBXTargetDependency;
			target = E825991C1E8D3BFF0073A90A /* AlgorithmExercise */;
			targetProxy = E85A79BD1F6928D10005D878 /* PBXContainerItemProxy */;
		};
/* End PBXTargetDependency section */

/* Begin PBXVariantGroup section */
		E82599241E8D3BFF0073A90A /* Main.storyboard */ = {
			isa = PBXVariantGroup;
			children = (
				E82599251E8D3BFF0073A90A /* Base */,
			);
			name = Main.storyboard;
			sourceTree = "<group>";
		};
		E82599291E8D3BFF0073A90A /* LaunchScreen.storyboard */ = {
			isa = PBXVariantGroup;
			children = (
				E825992A1E8D3BFF0073A90A /* Base */,
			);
			name = LaunchScreen.storyboard;
			sourceTree = "<group>";
		};
/* End PBXVariantGroup section */

/* Begin XCBuildConfiguration section */
		E825992D1E8D3BFF0073A90A /* Debug */ = {
			isa = XCBuildConfiguration;
			buildSettings = {
				ALWAYS_SEARCH_USER_PATHS = NO;
				CLANG_ANALYZER_NONNULL = YES;
				CLANG_CXX_LANGUAGE_STANDARD = "gnu++0x";
				CLANG_CXX_LIBRARY = "libc++";
				CLANG_ENABLE_MODULES = YES;
				CLANG_ENABLE_OBJC_ARC = YES;
				CLANG_WARN_BOOL_CONVERSION = YES;
				CLANG_WARN_CONSTANT_CONVERSION = YES;
				CLANG_WARN_DIRECT_OBJC_ISA_USAGE = YES_ERROR;
				CLANG_WARN_DOCUMENTATION_COMMENTS = YES;
				CLANG_WARN_EMPTY_BODY = YES;
				CLANG_WARN_ENUM_CONVERSION = YES;
				CLANG_WARN_INFINITE_RECURSION = YES;
				CLANG_WARN_INT_CONVERSION = YES;
				CLANG_WARN_OBJC_ROOT_CLASS = YES_ERROR;
				CLANG_WARN_SUSPICIOUS_MOVE = YES;
				CLANG_WARN_UNREACHABLE_CODE = YES;
				CLANG_WARN__DUPLICATE_METHOD_MATCH = YES;
				"CODE_SIGN_IDENTITY[sdk=iphoneos*]" = "iPhone Developer";
				COPY_PHASE_STRIP = NO;
				DEBUG_INFORMATION_FORMAT = dwarf;
				ENABLE_STRICT_OBJC_MSGSEND = YES;
				ENABLE_TESTABILITY = YES;
				GCC_C_LANGUAGE_STANDARD = gnu99;
				GCC_DYNAMIC_NO_PIC = NO;
				GCC_NO_COMMON_BLOCKS = YES;
				GCC_OPTIMIZATION_LEVEL = 0;
				GCC_PREPROCESSOR_DEFINITIONS = (
					"DEBUG=1",
					"$(inherited)",
				);
				GCC_WARN_64_TO_32_BIT_CONVERSION = YES;
				GCC_WARN_ABOUT_RETURN_TYPE = YES_ERROR;
				GCC_WARN_UNDECLARED_SELECTOR = YES;
				GCC_WARN_UNINITIALIZED_AUTOS = YES_AGGRESSIVE;
				GCC_WARN_UNUSED_FUNCTION = YES;
				GCC_WARN_UNUSED_VARIABLE = YES;
				IPHONEOS_DEPLOYMENT_TARGET = 10.1;
				MTL_ENABLE_DEBUG_INFO = YES;
				ONLY_ACTIVE_ARCH = YES;
				SDKROOT = iphoneos;
				SWIFT_ACTIVE_COMPILATION_CONDITIONS = DEBUG;
				SWIFT_OPTIMIZATION_LEVEL = "-Onone";
				TARGETED_DEVICE_FAMILY = "1,2";
			};
			name = Debug;
		};
		E825992E1E8D3BFF0073A90A /* Release */ = {
			isa = XCBuildConfiguration;
			buildSettings = {
				ALWAYS_SEARCH_USER_PATHS = NO;
				CLANG_ANALYZER_NONNULL = YES;
				CLANG_CXX_LANGUAGE_STANDARD = "gnu++0x";
				CLANG_CXX_LIBRARY = "libc++";
				CLANG_ENABLE_MODULES = YES;
				CLANG_ENABLE_OBJC_ARC = YES;
				CLANG_WARN_BOOL_CONVERSION = YES;
				CLANG_WARN_CONSTANT_CONVERSION = YES;
				CLANG_WARN_DIRECT_OBJC_ISA_USAGE = YES_ERROR;
				CLANG_WARN_DOCUMENTATION_COMMENTS = YES;
				CLANG_WARN_EMPTY_BODY = YES;
				CLANG_WARN_ENUM_CONVERSION = YES;
				CLANG_WARN_INFINITE_RECURSION = YES;
				CLANG_WARN_INT_CONVERSION = YES;
				CLANG_WARN_OBJC_ROOT_CLASS = YES_ERROR;
				CLANG_WARN_SUSPICIOUS_MOVE = YES;
				CLANG_WARN_UNREACHABLE_CODE = YES;
				CLANG_WARN__DUPLICATE_METHOD_MATCH = YES;
				"CODE_SIGN_IDENTITY[sdk=iphoneos*]" = "iPhone Developer";
				COPY_PHASE_STRIP = NO;
				DEBUG_INFORMATION_FORMAT = "dwarf-with-dsym";
				ENABLE_NS_ASSERTIONS = NO;
				ENABLE_STRICT_OBJC_MSGSEND = YES;
				GCC_C_LANGUAGE_STANDARD = gnu99;
				GCC_NO_COMMON_BLOCKS = YES;
				GCC_WARN_64_TO_32_BIT_CONVERSION = YES;
				GCC_WARN_ABOUT_RETURN_TYPE = YES_ERROR;
				GCC_WARN_UNDECLARED_SELECTOR = YES;
				GCC_WARN_UNINITIALIZED_AUTOS = YES_AGGRESSIVE;
				GCC_WARN_UNUSED_FUNCTION = YES;
				GCC_WARN_UNUSED_VARIABLE = YES;
				IPHONEOS_DEPLOYMENT_TARGET = 10.1;
				MTL_ENABLE_DEBUG_INFO = NO;
				SDKROOT = iphoneos;
				SWIFT_OPTIMIZATION_LEVEL = "-Owholemodule";
				TARGETED_DEVICE_FAMILY = "1,2";
				VALIDATE_PRODUCT = YES;
			};
			name = Release;
		};
		E82599301E8D3BFF0073A90A /* Debug */ = {
			isa = XCBuildConfiguration;
			buildSettings = {
				ASSETCATALOG_COMPILER_APPICON_NAME = AppIcon;
				"CODE_SIGN_IDENTITY[sdk=iphoneos*]" = "iPhone Developer";
				DEVELOPMENT_TEAM = L2XU33FY6N;
				INFOPLIST_FILE = AlgorithmExercise/Info.plist;
				LD_RUNPATH_SEARCH_PATHS = "$(inherited) @executable_path/Frameworks";
				PRODUCT_BUNDLE_IDENTIFIER = duckandswan.algorithm;
				PRODUCT_NAME = "$(TARGET_NAME)";
				PROVISIONING_PROFILE = "";
				PROVISIONING_PROFILE_SPECIFIER = "";
				SWIFT_VERSION = 3.0;
			};
			name = Debug;
		};
		E82599311E8D3BFF0073A90A /* Release */ = {
			isa = XCBuildConfiguration;
			buildSettings = {
				ASSETCATALOG_COMPILER_APPICON_NAME = AppIcon;
				"CODE_SIGN_IDENTITY[sdk=iphoneos*]" = "iPhone Developer";
				DEVELOPMENT_TEAM = L2XU33FY6N;
				INFOPLIST_FILE = AlgorithmExercise/Info.plist;
				LD_RUNPATH_SEARCH_PATHS = "$(inherited) @executable_path/Frameworks";
				PRODUCT_BUNDLE_IDENTIFIER = duckandswan.algorithm;
				PRODUCT_NAME = "$(TARGET_NAME)";
				PROVISIONING_PROFILE = "";
				PROVISIONING_PROFILE_SPECIFIER = "";
				SWIFT_VERSION = 3.0;
			};
			name = Release;
		};
		E85A79BF1F6928D10005D878 /* Debug */ = {
			isa = XCBuildConfiguration;
			buildSettings = {
				BUNDLE_LOADER = "$(TEST_HOST)";
				DEVELOPMENT_TEAM = L2XU33FY6N;
				INFOPLIST_FILE = AlgorithmExerciseTests/Info.plist;
				IPHONEOS_DEPLOYMENT_TARGET = 10.2;
				LD_RUNPATH_SEARCH_PATHS = "$(inherited) @executable_path/Frameworks @loader_path/Frameworks";
				PRODUCT_BUNDLE_IDENTIFIER = duckandswan.AlgorithmExerciseTests;
				PRODUCT_NAME = "$(TARGET_NAME)";
				SWIFT_VERSION = 3.0;
				TEST_HOST = "$(BUILT_PRODUCTS_DIR)/AlgorithmExercise.app/AlgorithmExercise";
			};
			name = Debug;
		};
		E85A79C01F6928D10005D878 /* Release */ = {
			isa = XCBuildConfiguration;
			buildSettings = {
				BUNDLE_LOADER = "$(TEST_HOST)";
				DEVELOPMENT_TEAM = L2XU33FY6N;
				INFOPLIST_FILE = AlgorithmExerciseTests/Info.plist;
				IPHONEOS_DEPLOYMENT_TARGET = 10.2;
				LD_RUNPATH_SEARCH_PATHS = "$(inherited) @executable_path/Frameworks @loader_path/Frameworks";
				PRODUCT_BUNDLE_IDENTIFIER = duckandswan.AlgorithmExerciseTests;
				PRODUCT_NAME = "$(TARGET_NAME)";
				SWIFT_VERSION = 3.0;
				TEST_HOST = "$(BUILT_PRODUCTS_DIR)/AlgorithmExercise.app/AlgorithmExercise";
			};
			name = Release;
		};
/* End XCBuildConfiguration section */

/* Begin XCConfigurationList section */
		E82599181E8D3BFF0073A90A /* Build configuration list for PBXProject "AlgorithmExercise" */ = {
			isa = XCConfigurationList;
			buildConfigurations = (
				E825992D1E8D3BFF0073A90A /* Debug */,
				E825992E1E8D3BFF0073A90A /* Release */,
			);
			defaultConfigurationIsVisible = 0;
			defaultConfigurationName = Release;
		};
		E825992F1E8D3BFF0073A90A /* Build configuration list for PBXNativeTarget "AlgorithmExercise" */ = {
			isa = XCConfigurationList;
			buildConfigurations = (
				E82599301E8D3BFF0073A90A /* Debug */,
				E82599311E8D3BFF0073A90A /* Release */,
			);
			defaultConfigurationIsVisible = 0;
			defaultConfigurationName = Release;
		};
		E85A79C11F6928D10005D878 /* Build configuration list for PBXNativeTarget "AlgorithmExerciseTests" */ = {
			isa = XCConfigurationList;
			buildConfigurations = (
				E85A79BF1F6928D10005D878 /* Debug */,
				E85A79C01F6928D10005D878 /* Release */,
			);
			defaultConfigurationIsVisible = 0;
		};
/* End XCConfigurationList section */
	};
	rootObject = E82599151E8D3BFF0073A90A /* Project object */;
}
